
Microsoft Visual Studio Solution File, Format Version 12.00
# Visual Studio Version 17
VisualStudioVersion = 17.3.32901.215
MinimumVisualStudioVersion = 10.0.40219.1
Project("{2150E333-8FDC-42A3-9474-1A3956D46DE8}") = "src", "src", "{0A1A8082-A565-47A3-8A1A-A09E2B3946DD}"
EndProject
Project("{2150E333-8FDC-42A3-9474-1A3956D46DE8}") = "tests", "tests", "{575985EA-8A66-42F0-9866-45F265E5C5F9}"
EndProject
Project("{9A19103F-16F7-4668-BE54-9A1E7A4F7556}") = "AllSales.Console", "src\AllSales.Console\AllSales.Console.csproj", "{0A0D3256-F2BE-4D91-989E-DBF820AEB407}"
EndProject
Project("{9A19103F-16F7-4668-BE54-9A1E7A4F7556}") = "AllSales.Shared", "src\AllSales.Shared\AllSales.Shared.csproj", "{9BD3AA48-BE4A-4B5C-88FE-EA82E141EBCE}"
EndProject
Project("{9A19103F-16F7-4668-BE54-9A1E7A4F7556}") = "HmInput", "src\HmInput\HmInput.csproj", "{E58FF2A9-A88F-4B0D-BB9B-8955108D533B}"
EndProject
Project("{9A19103F-16F7-4668-BE54-9A1E7A4F7556}") = "NotionOutput", "src\NotionOutput\NotionOutput.csproj", "{611CA150-A28D-4F6C-9FF2-58C8025D68F2}"
EndProject
Project("{9A19103F-16F7-4668-BE54-9A1E7A4F7556}") = "AllSales.Console.UnitTests", "tests\AllSales.Console.UnitTests\AllSales.Console.UnitTests.csproj", "{17BE5488-C01E-411E-9061-C96CCF3F5C89}"
EndProject
Global
	GlobalSection(SolutionConfigurationPlatforms) = preSolution
		Debug|Any CPU = Debug|Any CPU
		Release|Any CPU = Release|Any CPU
	EndGlobalSection
	GlobalSection(ProjectConfigurationPlatforms) = postSolution
		{0A0D3256-F2BE-4D91-989E-DBF820AEB407}.Debug|Any CPU.ActiveCfg = Debug|Any CPU
		{0A0D3256-F2BE-4D91-989E-DBF820AEB407}.Debug|Any CPU.Build.0 = Debug|Any CPU
		{0A0D3256-F2BE-4D91-989E-DBF820AEB407}.Release|Any CPU.ActiveCfg = Release|Any CPU
		{0A0D3256-F2BE-4D91-989E-DBF820AEB407}.Release|Any CPU.Build.0 = Release|Any CPU
		{9BD3AA48-BE4A-4B5C-88FE-EA82E141EBCE}.Debug|Any CPU.ActiveCfg = Debug|Any CPU
		{9BD3AA48-BE4A-4B5C-88FE-EA82E141EBCE}.Debug|Any CPU.Build.0 = Debug|Any CPU
		{9BD3AA48-BE4A-4B5C-88FE-EA82E141EBCE}.Release|Any CPU.ActiveCfg = Release|Any CPU
		{9BD3AA48-BE4A-4B5C-88FE-EA82E141EBCE}.Release|Any CPU.Build.0 = Release|Any CPU
		{E58FF2A9-A88F-4B0D-BB9B-8955108D533B}.Debug|Any CPU.ActiveCfg = Debug|Any CPU
		{E58FF2A9-A88F-4B0D-BB9B-8955108D533B}.Debug|Any CPU.Build.0 = Debug|Any CPU
		{E58FF2A9-A88F-4B0D-BB9B-8955108D533B}.Release|Any CPU.ActiveCfg = Release|Any CPU
		{E58FF2A9-A88F-4B0D-BB9B-8955108D533B}.Release|Any CPU.Build.0 = Release|Any CPU
		{611CA150-A28D-4F6C-9FF2-58C8025D68F2}.Debug|Any CPU.ActiveCfg = Debug|Any CPU
		{611CA150-A28D-4F6C-9FF2-58C8025D68F2}.Debug|Any CPU.Build.0 = Debug|Any CPU
		{611CA150-A28D-4F6C-9FF2-58C8025D68F2}.Release|Any CPU.ActiveCfg = Release|Any CPU
		{611CA150-A28D-4F6C-9FF2-58C8025D68F2}.Release|Any CPU.Build.0 = Release|Any CPU
		{17BE5488-C01E-411E-9061-C96CCF3F5C89}.Debug|Any CPU.ActiveCfg = Debug|Any CPU
		{17BE5488-C01E-411E-9061-C96CCF3F5C89}.Debug|Any CPU.Build.0 = Debug|Any CPU
		{17BE5488-C01E-411E-9061-C96CCF3F5C89}.Release|Any CPU.ActiveCfg = Release|Any CPU
		{17BE5488-C01E-411E-9061-C96CCF3F5C89}.Release|Any CPU.Build.0 = Release|Any CPU
	EndGlobalSection
	GlobalSection(SolutionProperties) = preSolution
		HideSolutionNode = FALSE
	EndGlobalSection
	GlobalSection(NestedProjects) = preSolution
		{0A0D3256-F2BE-4D91-989E-DBF820AEB407} = {0A1A8082-A565-47A3-8A1A-A09E2B3946DD}
		{9BD3AA48-BE4A-4B5C-88FE-EA82E141EBCE} = {0A1A8082-A565-47A3-8A1A-A09E2B3946DD}
		{E58FF2A9-A88F-4B0D-BB9B-8955108D533B} = {0A1A8082-A565-47A3-8A1A-A09E2B3946DD}
		{611CA150-A28D-4F6C-9FF2-58C8025D68F2} = {0A1A8082-A565-47A3-8A1A-A09E2B3946DD}
		{17BE5488-C01E-411E-9061-C96CCF3F5C89} = {575985EA-8A66-42F0-9866-45F265E5C5F9}
	EndGlobalSection
	GlobalSection(ExtensibilityGlobals) = postSolution
		SolutionGuid = {55262218-92B5-47A1-A8F0-D9C1E94A5F21}
	EndGlobalSection
EndGlobal
